
Microsoft Visual Studio Solution File, Format Version 12.00
# Visual Studio Version 16
VisualStudioVersion = 16.0.30517.126
MinimumVisualStudioVersion = 10.0.40219.1
Project("{8BC9CEB8-8B4A-11D0-8D11-00A0C91BC942}") = "SW_Expert_Academy", "SW_Expert_Academy\SW_Expert_Academy.vcxproj", "{0D90A4DC-B21E-4835-84C6-DDD098A52FB2}"
EndProject
Project("{2150E333-8FDC-42A3-9474-1A3956D46DE8}") = "Difficulty3", "Difficulty3", "{6BB98320-2F2D-4E77-9E3F-2918D549E18D}"
EndProject
Project("{8BC9CEB8-8B4A-11D0-8D11-00A0C91BC942}") = "3431_Exercise_Management", "Difficulty3\3431_Exercise_Management\3431_Exercise_Management.vcxproj", "{EE6AA6FF-D77A-4987-BD70-17A9920702F9}"
EndProject
Project("{8BC9CEB8-8B4A-11D0-8D11-00A0C91BC942}") = "1208_Flatten", "Difficulty3\1208_Flatten\1208_Flatten.vcxproj", "{22DFD439-1D9E-4114-B831-12E0DA2AED0E}"
EndProject
Project("{8BC9CEB8-8B4A-11D0-8D11-00A0C91BC942}") = "1206_View", "Difficulty3\1206_View\1206_View.vcxproj", "{0D0C0BCA-BF81-4CEB-B52B-7401542A8206}"
EndProject
Project("{2150E333-8FDC-42A3-9474-1A3956D46DE8}") = "Difficulty1", "Difficulty1", "{DBA11D9C-BAD2-4602-9BFE-DF918360AABF}"
EndProject
Project("{8BC9CEB8-8B4A-11D0-8D11-00A0C91BC942}") = "1936_1대1_가위바위보", "Difficulty1\1936_1대1_가위바위보\1936_1대1_가위바위보.vcxproj", "{28537BD8-08B2-4CBE-ABB8-6BF2CBD62F61}"
EndProject
Project("{8BC9CEB8-8B4A-11D0-8D11-00A0C91BC942}") = "2027_대각선_출력하기", "Difficulty1\2027_대각선_출력하기\2027_대각선_출력하기.vcxproj", "{B56DFBF9-2F7C-416F-AD7F-6F55EDC9B5F4}"
EndProject
Project("{8BC9CEB8-8B4A-11D0-8D11-00A0C91BC942}") = "2047_신문_헤드라인", "Difficulty1\2047_신문_헤드라인\2047_신문_헤드라인.vcxproj", "{A31BAFBB-868C-4937-A946-0C0E86E48F2C}"
EndProject
Project("{8BC9CEB8-8B4A-11D0-8D11-00A0C91BC942}") = "2056_연월일_달력", "Difficulty1\2056_연월일_달력\2056_연월일_달력.vcxproj", "{D66257B1-E7DF-4965-9027-F0AB3F619AA4}"
EndProject
Project("{8BC9CEB8-8B4A-11D0-8D11-00A0C91BC942}") = "2063_중간값_찾기", "Difficulty1\2063_중간값_찾기\2063_중간값_찾기.vcxproj", "{D784024E-0641-4057-8BCC-B3DFA9C9EF4F}"
EndProject
Project("{8BC9CEB8-8B4A-11D0-8D11-00A0C91BC942}") = "2068_최대수_구하기", "Difficulty1\2068_최대수_구하기\2068_최대수_구하기.vcxproj", "{E96B815E-352B-4071-A6F3-08579FCF8D00}"
EndProject
Project("{8BC9CEB8-8B4A-11D0-8D11-00A0C91BC942}") = "2070_큰_놈_작은_놈_같은_놈", "Difficulty1\2070_큰_놈_작은_놈_같은_놈\2070_큰_놈_작은_놈_같은_놈.vcxproj", "{4F16757F-84C6-4AD5-8EBE-1CBD0264FDB6}"
EndProject
Project("{2150E333-8FDC-42A3-9474-1A3956D46DE8}") = "Difficulty2", "Difficulty2", "{0989D2D7-2F2A-45F2-8D68-F1E820231803}"
EndProject
Project("{8BC9CEB8-8B4A-11D0-8D11-00A0C91BC942}") = "1288_새로운_불면증_치료법", "Difficulty2\1288_새로운_불면증_치료법\1288_새로운_불면증_치료법.vcxproj", "{4352ABEB-B82C-4C46-9C50-7390FFB37E20}"
EndProject
Project("{8BC9CEB8-8B4A-11D0-8D11-00A0C91BC942}") = "1928_Base64_Decoder", "Difficulty2\1928_Base64_Decoder\1928_Base64_Decoder.vcxproj", "{03B186AD-396B-493C-AC27-16A32052632C}"
EndProject
Project("{8BC9CEB8-8B4A-11D0-8D11-00A0C91BC942}") = "1940_가랏_RC카", "Difficulty2\1940_가랏_RC카\1940_가랏_RC카.vcxproj", "{9FD07B66-9C63-47AF-A973-A63C2552EEC1}"
EndProject
Project("{8BC9CEB8-8B4A-11D0-8D11-00A0C91BC942}") = "1945_간단한_소인수분해", "Difficulty2\1945_간단한_소인수분해\1945_간단한_소인수분해.vcxproj", "{52F2F1BB-8D2B-4C78-B9A0-CF048A1E8445}"
EndProject
Project("{8BC9CEB8-8B4A-11D0-8D11-00A0C91BC942}") = "1946_간단한_압축_풀기", "Difficulty2\1946_간단한_압축_풀기\1946_간단한_압축_풀기.vcxproj", "{34D7D38E-DC35-42D7-B8E8-CB0662CB6522}"
EndProject
Project("{8BC9CEB8-8B4A-11D0-8D11-00A0C91BC942}") = "1948_날짜_계산기", "Difficulty2\1948_날짜_계산기\1948_날짜_계산기.vcxproj", "{5E3CFCFC-7D56-48E4-A8C4-904473B97989}"
EndProject
Project("{8BC9CEB8-8B4A-11D0-8D11-00A0C91BC942}") = "1954_달팽이_숫자", "Difficulty2\1954_달팽이_숫자\1954_달팽이_숫자.vcxproj", "{DB3D6199-8F5A-434E-9E0F-D6728033EADF}"
EndProject
Project("{8BC9CEB8-8B4A-11D0-8D11-00A0C91BC942}") = "1959_두_개의_숫자열", "Difficulty2\1959_두_개의_숫자열\1959_두_개의_숫자열.vcxproj", "{5BD71BF8-18A2-470F-A59C-BD4B8C8D79A0}"
EndProject
Project("{8BC9CEB8-8B4A-11D0-8D11-00A0C91BC942}") = "1961_숫자_배열_회전", "Difficulty2\1961_숫자_배열_회전\1961_숫자_배열_회전.vcxproj", "{FBAFFF7D-2212-41E1-ABD7-95CCE41256EC}"
EndProject
Project("{8BC9CEB8-8B4A-11D0-8D11-00A0C91BC942}") = "1966_숫자를_정렬하자", "Difficulty2\1966_숫자를_정렬하자\1966_숫자를_정렬하자.vcxproj", "{7387C092-1503-4096-A42D-8B960E6D3D8B}"
EndProject
Project("{8BC9CEB8-8B4A-11D0-8D11-00A0C91BC942}") = "1970_쉬운_거스름돈", "Difficulty2\1970_쉬운_거스름돈\1970_쉬운_거스름돈.vcxproj", "{8D9927F4-1D2B-4332-8FCD-013266E94130}"
EndProject
Project("{8BC9CEB8-8B4A-11D0-8D11-00A0C91BC942}") = "1974_스도쿠_검증", "Difficulty2\1974_스도쿠_검증\1974_스도쿠_검증.vcxproj", "{76053D82-0E01-4F3E-A7F2-CFDDAEE6DFD4}"
EndProject
Project("{8BC9CEB8-8B4A-11D0-8D11-00A0C91BC942}") = "1976_시각_덧셈", "Difficulty2\1976_시각_덧셈\1976_시각_덧셈.vcxproj", "{0BD17F0E-63CA-48ED-8842-84AADAED15C8}"
EndProject
Project("{8BC9CEB8-8B4A-11D0-8D11-00A0C91BC942}") = "1979_어디에_단어가_들어갈_수_있을까", "Difficulty2\1979_어디에_단어가_들어갈_수_있을까\1979_어디에_단어가_들어갈_수_있을까.vcxproj", "{B044C07F-8E62-42B8-9A98-9EAEC962B2F6}"
EndProject
Project("{8BC9CEB8-8B4A-11D0-8D11-00A0C91BC942}") = "1983_조교의_성적_매기기", "Difficulty2\1983_조교의_성적_매기기\1983_조교의_성적_매기기.vcxproj", "{BC703956-B41B-4E2A-AD9C-765CE21802C5}"
EndProject
Project("{8BC9CEB8-8B4A-11D0-8D11-00A0C91BC942}") = "1984_중간_평균값_구하기", "Difficulty2\1984_중간_평균값_구하기\1984_중간_평균값_구하기.vcxproj", "{17B7E7F7-100B-49D0-BD98-4B26699A3CE3}"
EndProject
Project("{8BC9CEB8-8B4A-11D0-8D11-00A0C91BC942}") = "1986_지그재그_숫자", "Difficulty2\1986_지그재그_숫자\1986_지그재그_숫자.vcxproj", "{572734CA-D502-4B3E-A819-EFB387F204FF}"
EndProject
Project("{8BC9CEB8-8B4A-11D0-8D11-00A0C91BC942}") = "1989_초심자의_회문_검사", "Difficulty2\1989_초심자의_회문_검사\1989_초심자의_회문_검사.vcxproj", "{0EB9C53C-BF61-4973-B9BD-6BAF388245F9}"
EndProject
Project("{8BC9CEB8-8B4A-11D0-8D11-00A0C91BC942}") = "2001_파리_퇴치", "Difficulty2\2001_파리_퇴치\2001_파리_퇴치.vcxproj", "{20F0C9F9-2F6D-4AE9-B5F1-276A08FFABC5}"
EndProject
Project("{8BC9CEB8-8B4A-11D0-8D11-00A0C91BC942}") = "2005_파스칼의_삼각형", "Difficulty2\2005_파스칼의_삼각형\2005_파스칼의_삼각형.vcxproj", "{451C8A6C-8C0B-4BBA-90CB-63736EC9C395}"
EndProject
Global
	GlobalSection(SolutionConfigurationPlatforms) = preSolution
		Debug|x64 = Debug|x64
		Debug|x86 = Debug|x86
		Release|x64 = Release|x64
		Release|x86 = Release|x86
	EndGlobalSection
	GlobalSection(ProjectConfigurationPlatforms) = postSolution
		{0D90A4DC-B21E-4835-84C6-DDD098A52FB2}.Debug|x64.ActiveCfg = Debug|x64
		{0D90A4DC-B21E-4835-84C6-DDD098A52FB2}.Debug|x64.Build.0 = Debug|x64
		{0D90A4DC-B21E-4835-84C6-DDD098A52FB2}.Debug|x86.ActiveCfg = Debug|Win32
		{0D90A4DC-B21E-4835-84C6-DDD098A52FB2}.Debug|x86.Build.0 = Debug|Win32
		{0D90A4DC-B21E-4835-84C6-DDD098A52FB2}.Release|x64.ActiveCfg = Release|x64
		{0D90A4DC-B21E-4835-84C6-DDD098A52FB2}.Release|x64.Build.0 = Release|x64
		{0D90A4DC-B21E-4835-84C6-DDD098A52FB2}.Release|x86.ActiveCfg = Release|Win32
		{0D90A4DC-B21E-4835-84C6-DDD098A52FB2}.Release|x86.Build.0 = Release|Win32
		{EE6AA6FF-D77A-4987-BD70-17A9920702F9}.Debug|x64.ActiveCfg = Debug|x64
		{EE6AA6FF-D77A-4987-BD70-17A9920702F9}.Debug|x64.Build.0 = Debug|x64
		{EE6AA6FF-D77A-4987-BD70-17A9920702F9}.Debug|x86.ActiveCfg = Debug|Win32
		{EE6AA6FF-D77A-4987-BD70-17A9920702F9}.Debug|x86.Build.0 = Debug|Win32
		{EE6AA6FF-D77A-4987-BD70-17A9920702F9}.Release|x64.ActiveCfg = Release|x64
		{EE6AA6FF-D77A-4987-BD70-17A9920702F9}.Release|x64.Build.0 = Release|x64
		{EE6AA6FF-D77A-4987-BD70-17A9920702F9}.Release|x86.ActiveCfg = Release|Win32
		{EE6AA6FF-D77A-4987-BD70-17A9920702F9}.Release|x86.Build.0 = Release|Win32
		{22DFD439-1D9E-4114-B831-12E0DA2AED0E}.Debug|x64.ActiveCfg = Debug|x64
		{22DFD439-1D9E-4114-B831-12E0DA2AED0E}.Debug|x64.Build.0 = Debug|x64
		{22DFD439-1D9E-4114-B831-12E0DA2AED0E}.Debug|x86.ActiveCfg = Debug|Win32
		{22DFD439-1D9E-4114-B831-12E0DA2AED0E}.Debug|x86.Build.0 = Debug|Win32
		{22DFD439-1D9E-4114-B831-12E0DA2AED0E}.Release|x64.ActiveCfg = Release|x64
		{22DFD439-1D9E-4114-B831-12E0DA2AED0E}.Release|x64.Build.0 = Release|x64
		{22DFD439-1D9E-4114-B831-12E0DA2AED0E}.Release|x86.ActiveCfg = Release|Win32
		{22DFD439-1D9E-4114-B831-12E0DA2AED0E}.Release|x86.Build.0 = Release|Win32
		{0D0C0BCA-BF81-4CEB-B52B-7401542A8206}.Debug|x64.ActiveCfg = Debug|x64
		{0D0C0BCA-BF81-4CEB-B52B-7401542A8206}.Debug|x64.Build.0 = Debug|x64
		{0D0C0BCA-BF81-4CEB-B52B-7401542A8206}.Debug|x86.ActiveCfg = Debug|Win32
		{0D0C0BCA-BF81-4CEB-B52B-7401542A8206}.Debug|x86.Build.0 = Debug|Win32
		{0D0C0BCA-BF81-4CEB-B52B-7401542A8206}.Release|x64.ActiveCfg = Release|x64
		{0D0C0BCA-BF81-4CEB-B52B-7401542A8206}.Release|x64.Build.0 = Release|x64
		{0D0C0BCA-BF81-4CEB-B52B-7401542A8206}.Release|x86.ActiveCfg = Release|Win32
		{0D0C0BCA-BF81-4CEB-B52B-7401542A8206}.Release|x86.Build.0 = Release|Win32
		{28537BD8-08B2-4CBE-ABB8-6BF2CBD62F61}.Debug|x64.ActiveCfg = Debug|x64
		{28537BD8-08B2-4CBE-ABB8-6BF2CBD62F61}.Debug|x64.Build.0 = Debug|x64
		{28537BD8-08B2-4CBE-ABB8-6BF2CBD62F61}.Debug|x86.ActiveCfg = Debug|Win32
		{28537BD8-08B2-4CBE-ABB8-6BF2CBD62F61}.Debug|x86.Build.0 = Debug|Win32
		{28537BD8-08B2-4CBE-ABB8-6BF2CBD62F61}.Release|x64.ActiveCfg = Release|x64
		{28537BD8-08B2-4CBE-ABB8-6BF2CBD62F61}.Release|x64.Build.0 = Release|x64
		{28537BD8-08B2-4CBE-ABB8-6BF2CBD62F61}.Release|x86.ActiveCfg = Release|Win32
		{28537BD8-08B2-4CBE-ABB8-6BF2CBD62F61}.Release|x86.Build.0 = Release|Win32
		{B56DFBF9-2F7C-416F-AD7F-6F55EDC9B5F4}.Debug|x64.ActiveCfg = Debug|x64
		{B56DFBF9-2F7C-416F-AD7F-6F55EDC9B5F4}.Debug|x64.Build.0 = Debug|x64
		{B56DFBF9-2F7C-416F-AD7F-6F55EDC9B5F4}.Debug|x86.ActiveCfg = Debug|Win32
		{B56DFBF9-2F7C-416F-AD7F-6F55EDC9B5F4}.Debug|x86.Build.0 = Debug|Win32
		{B56DFBF9-2F7C-416F-AD7F-6F55EDC9B5F4}.Release|x64.ActiveCfg = Release|x64
		{B56DFBF9-2F7C-416F-AD7F-6F55EDC9B5F4}.Release|x64.Build.0 = Release|x64
		{B56DFBF9-2F7C-416F-AD7F-6F55EDC9B5F4}.Release|x86.ActiveCfg = Release|Win32
		{B56DFBF9-2F7C-416F-AD7F-6F55EDC9B5F4}.Release|x86.Build.0 = Release|Win32
		{A31BAFBB-868C-4937-A946-0C0E86E48F2C}.Debug|x64.ActiveCfg = Debug|x64
		{A31BAFBB-868C-4937-A946-0C0E86E48F2C}.Debug|x64.Build.0 = Debug|x64
		{A31BAFBB-868C-4937-A946-0C0E86E48F2C}.Debug|x86.ActiveCfg = Debug|Win32
		{A31BAFBB-868C-4937-A946-0C0E86E48F2C}.Debug|x86.Build.0 = Debug|Win32
		{A31BAFBB-868C-4937-A946-0C0E86E48F2C}.Release|x64.ActiveCfg = Release|x64
		{A31BAFBB-868C-4937-A946-0C0E86E48F2C}.Release|x64.Build.0 = Release|x64
		{A31BAFBB-868C-4937-A946-0C0E86E48F2C}.Release|x86.ActiveCfg = Release|Win32
		{A31BAFBB-868C-4937-A946-0C0E86E48F2C}.Release|x86.Build.0 = Release|Win32
		{D66257B1-E7DF-4965-9027-F0AB3F619AA4}.Debug|x64.ActiveCfg = Debug|x64
		{D66257B1-E7DF-4965-9027-F0AB3F619AA4}.Debug|x64.Build.0 = Debug|x64
		{D66257B1-E7DF-4965-9027-F0AB3F619AA4}.Debug|x86.ActiveCfg = Debug|Win32
		{D66257B1-E7DF-4965-9027-F0AB3F619AA4}.Debug|x86.Build.0 = Debug|Win32
		{D66257B1-E7DF-4965-9027-F0AB3F619AA4}.Release|x64.ActiveCfg = Release|x64
		{D66257B1-E7DF-4965-9027-F0AB3F619AA4}.Release|x64.Build.0 = Release|x64
		{D66257B1-E7DF-4965-9027-F0AB3F619AA4}.Release|x86.ActiveCfg = Release|Win32
		{D66257B1-E7DF-4965-9027-F0AB3F619AA4}.Release|x86.Build.0 = Release|Win32
		{D784024E-0641-4057-8BCC-B3DFA9C9EF4F}.Debug|x64.ActiveCfg = Debug|x64
		{D784024E-0641-4057-8BCC-B3DFA9C9EF4F}.Debug|x64.Build.0 = Debug|x64
		{D784024E-0641-4057-8BCC-B3DFA9C9EF4F}.Debug|x86.ActiveCfg = Debug|Win32
		{D784024E-0641-4057-8BCC-B3DFA9C9EF4F}.Debug|x86.Build.0 = Debug|Win32
		{D784024E-0641-4057-8BCC-B3DFA9C9EF4F}.Release|x64.ActiveCfg = Release|x64
		{D784024E-0641-4057-8BCC-B3DFA9C9EF4F}.Release|x64.Build.0 = Release|x64
		{D784024E-0641-4057-8BCC-B3DFA9C9EF4F}.Release|x86.ActiveCfg = Release|Win32
		{D784024E-0641-4057-8BCC-B3DFA9C9EF4F}.Release|x86.Build.0 = Release|Win32
		{E96B815E-352B-4071-A6F3-08579FCF8D00}.Debug|x64.ActiveCfg = Debug|x64
		{E96B815E-352B-4071-A6F3-08579FCF8D00}.Debug|x64.Build.0 = Debug|x64
		{E96B815E-352B-4071-A6F3-08579FCF8D00}.Debug|x86.ActiveCfg = Debug|Win32
		{E96B815E-352B-4071-A6F3-08579FCF8D00}.Debug|x86.Build.0 = Debug|Win32
		{E96B815E-352B-4071-A6F3-08579FCF8D00}.Release|x64.ActiveCfg = Release|x64
		{E96B815E-352B-4071-A6F3-08579FCF8D00}.Release|x64.Build.0 = Release|x64
		{E96B815E-352B-4071-A6F3-08579FCF8D00}.Release|x86.ActiveCfg = Release|Win32
		{E96B815E-352B-4071-A6F3-08579FCF8D00}.Release|x86.Build.0 = Release|Win32
		{4F16757F-84C6-4AD5-8EBE-1CBD0264FDB6}.Debug|x64.ActiveCfg = Debug|x64
		{4F16757F-84C6-4AD5-8EBE-1CBD0264FDB6}.Debug|x64.Build.0 = Debug|x64
		{4F16757F-84C6-4AD5-8EBE-1CBD0264FDB6}.Debug|x86.ActiveCfg = Debug|Win32
		{4F16757F-84C6-4AD5-8EBE-1CBD0264FDB6}.Debug|x86.Build.0 = Debug|Win32
		{4F16757F-84C6-4AD5-8EBE-1CBD0264FDB6}.Release|x64.ActiveCfg = Release|x64
		{4F16757F-84C6-4AD5-8EBE-1CBD0264FDB6}.Release|x64.Build.0 = Release|x64
		{4F16757F-84C6-4AD5-8EBE-1CBD0264FDB6}.Release|x86.ActiveCfg = Release|Win32
		{4F16757F-84C6-4AD5-8EBE-1CBD0264FDB6}.Release|x86.Build.0 = Release|Win32
		{4352ABEB-B82C-4C46-9C50-7390FFB37E20}.Debug|x64.ActiveCfg = Debug|x64
		{4352ABEB-B82C-4C46-9C50-7390FFB37E20}.Debug|x64.Build.0 = Debug|x64
		{4352ABEB-B82C-4C46-9C50-7390FFB37E20}.Debug|x86.ActiveCfg = Debug|Win32
		{4352ABEB-B82C-4C46-9C50-7390FFB37E20}.Debug|x86.Build.0 = Debug|Win32
		{4352ABEB-B82C-4C46-9C50-7390FFB37E20}.Release|x64.ActiveCfg = Release|x64
		{4352ABEB-B82C-4C46-9C50-7390FFB37E20}.Release|x64.Build.0 = Release|x64
		{4352ABEB-B82C-4C46-9C50-7390FFB37E20}.Release|x86.ActiveCfg = Release|Win32
		{4352ABEB-B82C-4C46-9C50-7390FFB37E20}.Release|x86.Build.0 = Release|Win32
		{03B186AD-396B-493C-AC27-16A32052632C}.Debug|x64.ActiveCfg = Debug|x64
		{03B186AD-396B-493C-AC27-16A32052632C}.Debug|x64.Build.0 = Debug|x64
		{03B186AD-396B-493C-AC27-16A32052632C}.Debug|x86.ActiveCfg = Debug|Win32
		{03B186AD-396B-493C-AC27-16A32052632C}.Debug|x86.Build.0 = Debug|Win32
		{03B186AD-396B-493C-AC27-16A32052632C}.Release|x64.ActiveCfg = Release|x64
		{03B186AD-396B-493C-AC27-16A32052632C}.Release|x64.Build.0 = Release|x64
		{03B186AD-396B-493C-AC27-16A32052632C}.Release|x86.ActiveCfg = Release|Win32
		{03B186AD-396B-493C-AC27-16A32052632C}.Release|x86.Build.0 = Release|Win32
		{9FD07B66-9C63-47AF-A973-A63C2552EEC1}.Debug|x64.ActiveCfg = Debug|x64
		{9FD07B66-9C63-47AF-A973-A63C2552EEC1}.Debug|x64.Build.0 = Debug|x64
		{9FD07B66-9C63-47AF-A973-A63C2552EEC1}.Debug|x86.ActiveCfg = Debug|Win32
		{9FD07B66-9C63-47AF-A973-A63C2552EEC1}.Debug|x86.Build.0 = Debug|Win32
		{9FD07B66-9C63-47AF-A973-A63C2552EEC1}.Release|x64.ActiveCfg = Release|x64
		{9FD07B66-9C63-47AF-A973-A63C2552EEC1}.Release|x64.Build.0 = Release|x64
		{9FD07B66-9C63-47AF-A973-A63C2552EEC1}.Release|x86.ActiveCfg = Release|Win32
		{9FD07B66-9C63-47AF-A973-A63C2552EEC1}.Release|x86.Build.0 = Release|Win32
		{52F2F1BB-8D2B-4C78-B9A0-CF048A1E8445}.Debug|x64.ActiveCfg = Debug|x64
		{52F2F1BB-8D2B-4C78-B9A0-CF048A1E8445}.Debug|x64.Build.0 = Debug|x64
		{52F2F1BB-8D2B-4C78-B9A0-CF048A1E8445}.Debug|x86.ActiveCfg = Debug|Win32
		{52F2F1BB-8D2B-4C78-B9A0-CF048A1E8445}.Debug|x86.Build.0 = Debug|Win32
		{52F2F1BB-8D2B-4C78-B9A0-CF048A1E8445}.Release|x64.ActiveCfg = Release|x64
		{52F2F1BB-8D2B-4C78-B9A0-CF048A1E8445}.Release|x64.Build.0 = Release|x64
		{52F2F1BB-8D2B-4C78-B9A0-CF048A1E8445}.Release|x86.ActiveCfg = Release|Win32
		{52F2F1BB-8D2B-4C78-B9A0-CF048A1E8445}.Release|x86.Build.0 = Release|Win32
		{34D7D38E-DC35-42D7-B8E8-CB0662CB6522}.Debug|x64.ActiveCfg = Debug|x64
		{34D7D38E-DC35-42D7-B8E8-CB0662CB6522}.Debug|x64.Build.0 = Debug|x64
		{34D7D38E-DC35-42D7-B8E8-CB0662CB6522}.Debug|x86.ActiveCfg = Debug|Win32
		{34D7D38E-DC35-42D7-B8E8-CB0662CB6522}.Debug|x86.Build.0 = Debug|Win32
		{34D7D38E-DC35-42D7-B8E8-CB0662CB6522}.Release|x64.ActiveCfg = Release|x64
		{34D7D38E-DC35-42D7-B8E8-CB0662CB6522}.Release|x64.Build.0 = Release|x64
		{34D7D38E-DC35-42D7-B8E8-CB0662CB6522}.Release|x86.ActiveCfg = Release|Win32
		{34D7D38E-DC35-42D7-B8E8-CB0662CB6522}.Release|x86.Build.0 = Release|Win32
		{5E3CFCFC-7D56-48E4-A8C4-904473B97989}.Debug|x64.ActiveCfg = Debug|x64
		{5E3CFCFC-7D56-48E4-A8C4-904473B97989}.Debug|x64.Build.0 = Debug|x64
		{5E3CFCFC-7D56-48E4-A8C4-904473B97989}.Debug|x86.ActiveCfg = Debug|Win32
		{5E3CFCFC-7D56-48E4-A8C4-904473B97989}.Debug|x86.Build.0 = Debug|Win32
		{5E3CFCFC-7D56-48E4-A8C4-904473B97989}.Release|x64.ActiveCfg = Release|x64
		{5E3CFCFC-7D56-48E4-A8C4-904473B97989}.Release|x64.Build.0 = Release|x64
		{5E3CFCFC-7D56-48E4-A8C4-904473B97989}.Release|x86.ActiveCfg = Release|Win32
		{5E3CFCFC-7D56-48E4-A8C4-904473B97989}.Release|x86.Build.0 = Release|Win32
		{DB3D6199-8F5A-434E-9E0F-D6728033EADF}.Debug|x64.ActiveCfg = Debug|x64
		{DB3D6199-8F5A-434E-9E0F-D6728033EADF}.Debug|x64.Build.0 = Debug|x64
		{DB3D6199-8F5A-434E-9E0F-D6728033EADF}.Debug|x86.ActiveCfg = Debug|Win32
		{DB3D6199-8F5A-434E-9E0F-D6728033EADF}.Debug|x86.Build.0 = Debug|Win32
		{DB3D6199-8F5A-434E-9E0F-D6728033EADF}.Release|x64.ActiveCfg = Release|x64
		{DB3D6199-8F5A-434E-9E0F-D6728033EADF}.Release|x64.Build.0 = Release|x64
		{DB3D6199-8F5A-434E-9E0F-D6728033EADF}.Release|x86.ActiveCfg = Release|Win32
		{DB3D6199-8F5A-434E-9E0F-D6728033EADF}.Release|x86.Build.0 = Release|Win32
		{5BD71BF8-18A2-470F-A59C-BD4B8C8D79A0}.Debug|x64.ActiveCfg = Debug|x64
		{5BD71BF8-18A2-470F-A59C-BD4B8C8D79A0}.Debug|x64.Build.0 = Debug|x64
		{5BD71BF8-18A2-470F-A59C-BD4B8C8D79A0}.Debug|x86.ActiveCfg = Debug|Win32
		{5BD71BF8-18A2-470F-A59C-BD4B8C8D79A0}.Debug|x86.Build.0 = Debug|Win32
		{5BD71BF8-18A2-470F-A59C-BD4B8C8D79A0}.Release|x64.ActiveCfg = Release|x64
		{5BD71BF8-18A2-470F-A59C-BD4B8C8D79A0}.Release|x64.Build.0 = Release|x64
		{5BD71BF8-18A2-470F-A59C-BD4B8C8D79A0}.Release|x86.ActiveCfg = Release|Win32
		{5BD71BF8-18A2-470F-A59C-BD4B8C8D79A0}.Release|x86.Build.0 = Release|Win32
		{FBAFFF7D-2212-41E1-ABD7-95CCE41256EC}.Debug|x64.ActiveCfg = Debug|x64
		{FBAFFF7D-2212-41E1-ABD7-95CCE41256EC}.Debug|x64.Build.0 = Debug|x64
		{FBAFFF7D-2212-41E1-ABD7-95CCE41256EC}.Debug|x86.ActiveCfg = Debug|Win32
		{FBAFFF7D-2212-41E1-ABD7-95CCE41256EC}.Debug|x86.Build.0 = Debug|Win32
		{FBAFFF7D-2212-41E1-ABD7-95CCE41256EC}.Release|x64.ActiveCfg = Release|x64
		{FBAFFF7D-2212-41E1-ABD7-95CCE41256EC}.Release|x64.Build.0 = Release|x64
		{FBAFFF7D-2212-41E1-ABD7-95CCE41256EC}.Release|x86.ActiveCfg = Release|Win32
		{FBAFFF7D-2212-41E1-ABD7-95CCE41256EC}.Release|x86.Build.0 = Release|Win32
		{7387C092-1503-4096-A42D-8B960E6D3D8B}.Debug|x64.ActiveCfg = Debug|x64
		{7387C092-1503-4096-A42D-8B960E6D3D8B}.Debug|x64.Build.0 = Debug|x64
		{7387C092-1503-4096-A42D-8B960E6D3D8B}.Debug|x86.ActiveCfg = Debug|Win32
		{7387C092-1503-4096-A42D-8B960E6D3D8B}.Debug|x86.Build.0 = Debug|Win32
		{7387C092-1503-4096-A42D-8B960E6D3D8B}.Release|x64.ActiveCfg = Release|x64
		{7387C092-1503-4096-A42D-8B960E6D3D8B}.Release|x64.Build.0 = Release|x64
		{7387C092-1503-4096-A42D-8B960E6D3D8B}.Release|x86.ActiveCfg = Release|Win32
		{7387C092-1503-4096-A42D-8B960E6D3D8B}.Release|x86.Build.0 = Release|Win32
		{8D9927F4-1D2B-4332-8FCD-013266E94130}.Debug|x64.ActiveCfg = Debug|x64
		{8D9927F4-1D2B-4332-8FCD-013266E94130}.Debug|x64.Build.0 = Debug|x64
		{8D9927F4-1D2B-4332-8FCD-013266E94130}.Debug|x86.ActiveCfg = Debug|Win32
		{8D9927F4-1D2B-4332-8FCD-013266E94130}.Debug|x86.Build.0 = Debug|Win32
		{8D9927F4-1D2B-4332-8FCD-013266E94130}.Release|x64.ActiveCfg = Release|x64
		{8D9927F4-1D2B-4332-8FCD-013266E94130}.Release|x64.Build.0 = Release|x64
		{8D9927F4-1D2B-4332-8FCD-013266E94130}.Release|x86.ActiveCfg = Release|Win32
		{8D9927F4-1D2B-4332-8FCD-013266E94130}.Release|x86.Build.0 = Release|Win32
		{76053D82-0E01-4F3E-A7F2-CFDDAEE6DFD4}.Debug|x64.ActiveCfg = Debug|x64
		{76053D82-0E01-4F3E-A7F2-CFDDAEE6DFD4}.Debug|x64.Build.0 = Debug|x64
		{76053D82-0E01-4F3E-A7F2-CFDDAEE6DFD4}.Debug|x86.ActiveCfg = Debug|Win32
		{76053D82-0E01-4F3E-A7F2-CFDDAEE6DFD4}.Debug|x86.Build.0 = Debug|Win32
		{76053D82-0E01-4F3E-A7F2-CFDDAEE6DFD4}.Release|x64.ActiveCfg = Release|x64
		{76053D82-0E01-4F3E-A7F2-CFDDAEE6DFD4}.Release|x64.Build.0 = Release|x64
		{76053D82-0E01-4F3E-A7F2-CFDDAEE6DFD4}.Release|x86.ActiveCfg = Release|Win32
		{76053D82-0E01-4F3E-A7F2-CFDDAEE6DFD4}.Release|x86.Build.0 = Release|Win32
		{0BD17F0E-63CA-48ED-8842-84AADAED15C8}.Debug|x64.ActiveCfg = Debug|x64
		{0BD17F0E-63CA-48ED-8842-84AADAED15C8}.Debug|x64.Build.0 = Debug|x64
		{0BD17F0E-63CA-48ED-8842-84AADAED15C8}.Debug|x86.ActiveCfg = Debug|Win32
		{0BD17F0E-63CA-48ED-8842-84AADAED15C8}.Debug|x86.Build.0 = Debug|Win32
		{0BD17F0E-63CA-48ED-8842-84AADAED15C8}.Release|x64.ActiveCfg = Release|x64
		{0BD17F0E-63CA-48ED-8842-84AADAED15C8}.Release|x64.Build.0 = Release|x64
		{0BD17F0E-63CA-48ED-8842-84AADAED15C8}.Release|x86.ActiveCfg = Release|Win32
		{0BD17F0E-63CA-48ED-8842-84AADAED15C8}.Release|x86.Build.0 = Release|Win32
		{B044C07F-8E62-42B8-9A98-9EAEC962B2F6}.Debug|x64.ActiveCfg = Debug|x64
		{B044C07F-8E62-42B8-9A98-9EAEC962B2F6}.Debug|x64.Build.0 = Debug|x64
		{B044C07F-8E62-42B8-9A98-9EAEC962B2F6}.Debug|x86.ActiveCfg = Debug|Win32
		{B044C07F-8E62-42B8-9A98-9EAEC962B2F6}.Debug|x86.Build.0 = Debug|Win32
		{B044C07F-8E62-42B8-9A98-9EAEC962B2F6}.Release|x64.ActiveCfg = Release|x64
		{B044C07F-8E62-42B8-9A98-9EAEC962B2F6}.Release|x64.Build.0 = Release|x64
		{B044C07F-8E62-42B8-9A98-9EAEC962B2F6}.Release|x86.ActiveCfg = Release|Win32
		{B044C07F-8E62-42B8-9A98-9EAEC962B2F6}.Release|x86.Build.0 = Release|Win32
		{BC703956-B41B-4E2A-AD9C-765CE21802C5}.Debug|x64.ActiveCfg = Debug|x64
		{BC703956-B41B-4E2A-AD9C-765CE21802C5}.Debug|x64.Build.0 = Debug|x64
		{BC703956-B41B-4E2A-AD9C-765CE21802C5}.Debug|x86.ActiveCfg = Debug|Win32
		{BC703956-B41B-4E2A-AD9C-765CE21802C5}.Debug|x86.Build.0 = Debug|Win32
		{BC703956-B41B-4E2A-AD9C-765CE21802C5}.Release|x64.ActiveCfg = Release|x64
		{BC703956-B41B-4E2A-AD9C-765CE21802C5}.Release|x64.Build.0 = Release|x64
		{BC703956-B41B-4E2A-AD9C-765CE21802C5}.Release|x86.ActiveCfg = Release|Win32
		{BC703956-B41B-4E2A-AD9C-765CE21802C5}.Release|x86.Build.0 = Release|Win32
		{17B7E7F7-100B-49D0-BD98-4B26699A3CE3}.Debug|x64.ActiveCfg = Debug|x64
		{17B7E7F7-100B-49D0-BD98-4B26699A3CE3}.Debug|x64.Build.0 = Debug|x64
		{17B7E7F7-100B-49D0-BD98-4B26699A3CE3}.Debug|x86.ActiveCfg = Debug|Win32
		{17B7E7F7-100B-49D0-BD98-4B26699A3CE3}.Debug|x86.Build.0 = Debug|Win32
		{17B7E7F7-100B-49D0-BD98-4B26699A3CE3}.Release|x64.ActiveCfg = Release|x64
		{17B7E7F7-100B-49D0-BD98-4B26699A3CE3}.Release|x64.Build.0 = Release|x64
		{17B7E7F7-100B-49D0-BD98-4B26699A3CE3}.Release|x86.ActiveCfg = Release|Win32
		{17B7E7F7-100B-49D0-BD98-4B26699A3CE3}.Release|x86.Build.0 = Release|Win32
		{572734CA-D502-4B3E-A819-EFB387F204FF}.Debug|x64.ActiveCfg = Debug|x64
		{572734CA-D502-4B3E-A819-EFB387F204FF}.Debug|x64.Build.0 = Debug|x64
		{572734CA-D502-4B3E-A819-EFB387F204FF}.Debug|x86.ActiveCfg = Debug|Win32
		{572734CA-D502-4B3E-A819-EFB387F204FF}.Debug|x86.Build.0 = Debug|Win32
		{572734CA-D502-4B3E-A819-EFB387F204FF}.Release|x64.ActiveCfg = Release|x64
		{572734CA-D502-4B3E-A819-EFB387F204FF}.Release|x64.Build.0 = Release|x64
		{572734CA-D502-4B3E-A819-EFB387F204FF}.Release|x86.ActiveCfg = Release|Win32
		{572734CA-D502-4B3E-A819-EFB387F204FF}.Release|x86.Build.0 = Release|Win32
		{0EB9C53C-BF61-4973-B9BD-6BAF388245F9}.Debug|x64.ActiveCfg = Debug|x64
		{0EB9C53C-BF61-4973-B9BD-6BAF388245F9}.Debug|x64.Build.0 = Debug|x64
		{0EB9C53C-BF61-4973-B9BD-6BAF388245F9}.Debug|x86.ActiveCfg = Debug|Win32
		{0EB9C53C-BF61-4973-B9BD-6BAF388245F9}.Debug|x86.Build.0 = Debug|Win32
		{0EB9C53C-BF61-4973-B9BD-6BAF388245F9}.Release|x64.ActiveCfg = Release|x64
		{0EB9C53C-BF61-4973-B9BD-6BAF388245F9}.Release|x64.Build.0 = Release|x64
		{0EB9C53C-BF61-4973-B9BD-6BAF388245F9}.Release|x86.ActiveCfg = Release|Win32
		{0EB9C53C-BF61-4973-B9BD-6BAF388245F9}.Release|x86.Build.0 = Release|Win32
		{20F0C9F9-2F6D-4AE9-B5F1-276A08FFABC5}.Debug|x64.ActiveCfg = Debug|x64
		{20F0C9F9-2F6D-4AE9-B5F1-276A08FFABC5}.Debug|x64.Build.0 = Debug|x64
		{20F0C9F9-2F6D-4AE9-B5F1-276A08FFABC5}.Debug|x86.ActiveCfg = Debug|Win32
		{20F0C9F9-2F6D-4AE9-B5F1-276A08FFABC5}.Debug|x86.Build.0 = Debug|Win32
		{20F0C9F9-2F6D-4AE9-B5F1-276A08FFABC5}.Release|x64.ActiveCfg = Release|x64
		{20F0C9F9-2F6D-4AE9-B5F1-276A08FFABC5}.Release|x64.Build.0 = Release|x64
		{20F0C9F9-2F6D-4AE9-B5F1-276A08FFABC5}.Release|x86.ActiveCfg = Release|Win32
		{20F0C9F9-2F6D-4AE9-B5F1-276A08FFABC5}.Release|x86.Build.0 = Release|Win32
		{451C8A6C-8C0B-4BBA-90CB-63736EC9C395}.Debug|x64.ActiveCfg = Debug|x64
		{451C8A6C-8C0B-4BBA-90CB-63736EC9C395}.Debug|x64.Build.0 = Debug|x64
		{451C8A6C-8C0B-4BBA-90CB-63736EC9C395}.Debug|x86.ActiveCfg = Debug|Win32
		{451C8A6C-8C0B-4BBA-90CB-63736EC9C395}.Debug|x86.Build.0 = Debug|Win32
		{451C8A6C-8C0B-4BBA-90CB-63736EC9C395}.Release|x64.ActiveCfg = Release|x64
		{451C8A6C-8C0B-4BBA-90CB-63736EC9C395}.Release|x64.Build.0 = Release|x64
		{451C8A6C-8C0B-4BBA-90CB-63736EC9C395}.Release|x86.ActiveCfg = Release|Win32
		{451C8A6C-8C0B-4BBA-90CB-63736EC9C395}.Release|x86.Build.0 = Release|Win32
	EndGlobalSection
	GlobalSection(SolutionProperties) = preSolution
		HideSolutionNode = FALSE
	EndGlobalSection
	GlobalSection(NestedProjects) = preSolution
		{EE6AA6FF-D77A-4987-BD70-17A9920702F9} = {6BB98320-2F2D-4E77-9E3F-2918D549E18D}
		{22DFD439-1D9E-4114-B831-12E0DA2AED0E} = {6BB98320-2F2D-4E77-9E3F-2918D549E18D}
		{0D0C0BCA-BF81-4CEB-B52B-7401542A8206} = {6BB98320-2F2D-4E77-9E3F-2918D549E18D}
		{28537BD8-08B2-4CBE-ABB8-6BF2CBD62F61} = {DBA11D9C-BAD2-4602-9BFE-DF918360AABF}
		{B56DFBF9-2F7C-416F-AD7F-6F55EDC9B5F4} = {DBA11D9C-BAD2-4602-9BFE-DF918360AABF}
		{A31BAFBB-868C-4937-A946-0C0E86E48F2C} = {DBA11D9C-BAD2-4602-9BFE-DF918360AABF}
		{D66257B1-E7DF-4965-9027-F0AB3F619AA4} = {DBA11D9C-BAD2-4602-9BFE-DF918360AABF}
		{D784024E-0641-4057-8BCC-B3DFA9C9EF4F} = {DBA11D9C-BAD2-4602-9BFE-DF918360AABF}
		{E96B815E-352B-4071-A6F3-08579FCF8D00} = {DBA11D9C-BAD2-4602-9BFE-DF918360AABF}
		{4F16757F-84C6-4AD5-8EBE-1CBD0264FDB6} = {DBA11D9C-BAD2-4602-9BFE-DF918360AABF}
		{4352ABEB-B82C-4C46-9C50-7390FFB37E20} = {0989D2D7-2F2A-45F2-8D68-F1E820231803}
		{03B186AD-396B-493C-AC27-16A32052632C} = {0989D2D7-2F2A-45F2-8D68-F1E820231803}
		{9FD07B66-9C63-47AF-A973-A63C2552EEC1} = {0989D2D7-2F2A-45F2-8D68-F1E820231803}
		{52F2F1BB-8D2B-4C78-B9A0-CF048A1E8445} = {0989D2D7-2F2A-45F2-8D68-F1E820231803}
		{34D7D38E-DC35-42D7-B8E8-CB0662CB6522} = {0989D2D7-2F2A-45F2-8D68-F1E820231803}
		{5E3CFCFC-7D56-48E4-A8C4-904473B97989} = {0989D2D7-2F2A-45F2-8D68-F1E820231803}
		{DB3D6199-8F5A-434E-9E0F-D6728033EADF} = {0989D2D7-2F2A-45F2-8D68-F1E820231803}
		{5BD71BF8-18A2-470F-A59C-BD4B8C8D79A0} = {0989D2D7-2F2A-45F2-8D68-F1E820231803}
		{FBAFFF7D-2212-41E1-ABD7-95CCE41256EC} = {0989D2D7-2F2A-45F2-8D68-F1E820231803}
		{7387C092-1503-4096-A42D-8B960E6D3D8B} = {0989D2D7-2F2A-45F2-8D68-F1E820231803}
		{8D9927F4-1D2B-4332-8FCD-013266E94130} = {0989D2D7-2F2A-45F2-8D68-F1E820231803}
		{76053D82-0E01-4F3E-A7F2-CFDDAEE6DFD4} = {0989D2D7-2F2A-45F2-8D68-F1E820231803}
		{0BD17F0E-63CA-48ED-8842-84AADAED15C8} = {0989D2D7-2F2A-45F2-8D68-F1E820231803}
		{B044C07F-8E62-42B8-9A98-9EAEC962B2F6} = {0989D2D7-2F2A-45F2-8D68-F1E820231803}
		{BC703956-B41B-4E2A-AD9C-765CE21802C5} = {0989D2D7-2F2A-45F2-8D68-F1E820231803}
		{17B7E7F7-100B-49D0-BD98-4B26699A3CE3} = {0989D2D7-2F2A-45F2-8D68-F1E820231803}
		{572734CA-D502-4B3E-A819-EFB387F204FF} = {0989D2D7-2F2A-45F2-8D68-F1E820231803}
		{0EB9C53C-BF61-4973-B9BD-6BAF388245F9} = {0989D2D7-2F2A-45F2-8D68-F1E820231803}
		{20F0C9F9-2F6D-4AE9-B5F1-276A08FFABC5} = {0989D2D7-2F2A-45F2-8D68-F1E820231803}
		{451C8A6C-8C0B-4BBA-90CB-63736EC9C395} = {0989D2D7-2F2A-45F2-8D68-F1E820231803}
	EndGlobalSection
	GlobalSection(ExtensibilityGlobals) = postSolution
		SolutionGuid = {EA850D1C-E1B8-4CB0-BFF4-A7E18DCD4AFA}
	EndGlobalSection
EndGlobal
